
Microsoft Visual Studio Solution File, Format Version 12.00
# Visual Studio Version 17
VisualStudioVersion = 17.0.32014.148
MinimumVisualStudioVersion = 10.0.40219.1
Project("{9A19103F-16F7-4668-BE54-9A1E7A4F7556}") = "BlazorHero", "BlazorHero\BlazorHero.csproj", "{D1B8A2A0-5661-4C35-BAB8-63D9B47A6AA8}"
EndProject
Project("{2150E333-8FDC-42A3-9474-1A3956D46DE8}") = "Solution Items", "Solution Items", "{49043E1B-E1CD-4BBD-B7AA-F05DC3449C27}"
	ProjectSection(SolutionItems) = preProject
		.github\workflows\azure-static-web-apps-orange-river-0e1175a00.yml = .github\workflows\azure-static-web-apps-orange-river-0e1175a00.yml
	EndProjectSection
EndProject
Project("{2150E333-8FDC-42A3-9474-1A3956D46DE8}") = "40 Data", "40 Data", "{9BE7EBA5-DA72-4744-94EE-F10C9F008444}"
	ProjectSection(SolutionItems) = preProject
		Readme.txt = Readme.txt
	EndProjectSection
EndProject
Project("{2150E333-8FDC-42A3-9474-1A3956D46DE8}") = "20 API", "20 API", "{7F039F72-9609-4CA5-9648-A5555BD4D51E}"
EndProject
Project("{2150E333-8FDC-42A3-9474-1A3956D46DE8}") = "30 Shared", "30 Shared", "{CCFF5901-1B70-4812-87FF-E3E2BA26DD5B}"
EndProject
Project("{2150E333-8FDC-42A3-9474-1A3956D46DE8}") = "10 Demo", "10 Demo", "{9B673D08-03E8-4B0B-B193-179E00B568A2}"
EndProject
Project("{2150E333-8FDC-42A3-9474-1A3956D46DE8}") = "NET5", "NET5", "{03B63644-8272-4A3B-B78A-2C6671BD82C2}"
EndProject
Project("{9A19103F-16F7-4668-BE54-9A1E7A4F7556}") = "BlazorWasmNet5", "BlazorWasmNet5\BlazorWasmNet5.csproj", "{23BE9487-0397-4E11-A3CB-93BADED7AC14}"
EndProject
Project("{9A19103F-16F7-4668-BE54-9A1E7A4F7556}") = "BlazorServerNet5", "BlazorServerNet5\BlazorServerNet5.csproj", "{01671207-D535-48A6-952D-1EC472D4D788}"
EndProject
Project("{2150E333-8FDC-42A3-9474-1A3956D46DE8}") = "NET6", "NET6", "{19FC26A2-FE6C-481C-820B-7D03DFEAE75F}"
EndProject
Project("{9A19103F-16F7-4668-BE54-9A1E7A4F7556}") = "BlazorWasmNet6", "BlazorWasmNet6\BlazorWasmNet6.csproj", "{D55EA7AF-FAC2-41BE-BC23-59AA7B668676}"
EndProject
Project("{9A19103F-16F7-4668-BE54-9A1E7A4F7556}") = "BlazorServerNet6", "BlazorServerNet6\BlazorServerNet6.csproj", "{24AB09A2-6BA3-49AC-B214-60CD972CF5F7}"
EndProject
Project("{2150E333-8FDC-42A3-9474-1A3956D46DE8}") = "NET6 WASM Hosted", "NET6 WASM Hosted", "{1D350257-9153-4EE2-BB04-9FD426627714}"
EndProject
Project("{9A19103F-16F7-4668-BE54-9A1E7A4F7556}") = "BlazorApp.Server", "BlazorApp\Server\BlazorApp.Server.csproj", "{BFF2E1F5-F471-4E42-A7E3-2BAF573A199B}"
EndProject
Project("{9A19103F-16F7-4668-BE54-9A1E7A4F7556}") = "BlazorApp.Client", "BlazorApp\Client\BlazorApp.Client.csproj", "{C27920A1-C500-42C3-8BB5-73ACFDB2A24C}"
EndProject
Project("{9A19103F-16F7-4668-BE54-9A1E7A4F7556}") = "BlazorApp.Shared", "BlazorApp\Shared\BlazorApp.Shared.csproj", "{55FDCC7E-9FAC-4017-A12A-D7D1A1EFCBF2}"
EndProject
Project("{9A19103F-16F7-4668-BE54-9A1E7A4F7556}") = "BlazorHero.API", "BlazorHero.API\BlazorHero.API.csproj", "{8C1F7EC0-CC0E-4111-A831-CB94BBC526FE}"
EndProject
Project("{9A19103F-16F7-4668-BE54-9A1E7A4F7556}") = "BlazorHero.Database", "BlazorHero.Database\BlazorHero.Database.csproj", "{F0B1F4E4-3A33-4FB2-92D5-A933FAC28446}"
EndProject
Project("{2150E333-8FDC-42A3-9474-1A3956D46DE8}") = "20 BlazorHero", "20 BlazorHero", "{CACF10CE-8E4F-422B-92BA-48C40728A68F}"
EndProject
Project("{2150E333-8FDC-42A3-9474-1A3956D46DE8}") = "10 App", "10 App", "{47E8169B-77C3-4DE3-AAA0-45672FB6025F}"
EndProject
Project("{FAE04EC0-301F-11D3-BF4B-00C04F79EFBC}") = "BlazorHero.Application", "BlazorHero.Application\BlazorHero.Application.csproj", "{A09CFB3E-7953-45FF-8CF2-432458E3993A}"
EndProject
Project("{FAE04EC0-301F-11D3-BF4B-00C04F79EFBC}") = "BlazorHero.Shared", "BlazorHero.Shared\BlazorHero.Shared.csproj", "{C89EAC38-96D9-4A11-B345-244EEF0AD1A8}"
EndProject
Global
	GlobalSection(SolutionConfigurationPlatforms) = preSolution
		Debug|Any CPU = Debug|Any CPU
		Release|Any CPU = Release|Any CPU
	EndGlobalSection
	GlobalSection(ProjectConfigurationPlatforms) = postSolution
		{D1B8A2A0-5661-4C35-BAB8-63D9B47A6AA8}.Debug|Any CPU.ActiveCfg = Debug|Any CPU
		{D1B8A2A0-5661-4C35-BAB8-63D9B47A6AA8}.Debug|Any CPU.Build.0 = Debug|Any CPU
		{D1B8A2A0-5661-4C35-BAB8-63D9B47A6AA8}.Release|Any CPU.ActiveCfg = Release|Any CPU
		{D1B8A2A0-5661-4C35-BAB8-63D9B47A6AA8}.Release|Any CPU.Build.0 = Release|Any CPU
		{23BE9487-0397-4E11-A3CB-93BADED7AC14}.Debug|Any CPU.ActiveCfg = Debug|Any CPU
		{23BE9487-0397-4E11-A3CB-93BADED7AC14}.Debug|Any CPU.Build.0 = Debug|Any CPU
		{23BE9487-0397-4E11-A3CB-93BADED7AC14}.Release|Any CPU.ActiveCfg = Release|Any CPU
		{23BE9487-0397-4E11-A3CB-93BADED7AC14}.Release|Any CPU.Build.0 = Release|Any CPU
		{01671207-D535-48A6-952D-1EC472D4D788}.Debug|Any CPU.ActiveCfg = Debug|Any CPU
		{01671207-D535-48A6-952D-1EC472D4D788}.Debug|Any CPU.Build.0 = Debug|Any CPU
		{01671207-D535-48A6-952D-1EC472D4D788}.Release|Any CPU.ActiveCfg = Release|Any CPU
		{01671207-D535-48A6-952D-1EC472D4D788}.Release|Any CPU.Build.0 = Release|Any CPU
		{D55EA7AF-FAC2-41BE-BC23-59AA7B668676}.Debug|Any CPU.ActiveCfg = Debug|Any CPU
		{D55EA7AF-FAC2-41BE-BC23-59AA7B668676}.Debug|Any CPU.Build.0 = Debug|Any CPU
		{D55EA7AF-FAC2-41BE-BC23-59AA7B668676}.Release|Any CPU.ActiveCfg = Release|Any CPU
		{D55EA7AF-FAC2-41BE-BC23-59AA7B668676}.Release|Any CPU.Build.0 = Release|Any CPU
		{24AB09A2-6BA3-49AC-B214-60CD972CF5F7}.Debug|Any CPU.ActiveCfg = Debug|Any CPU
		{24AB09A2-6BA3-49AC-B214-60CD972CF5F7}.Debug|Any CPU.Build.0 = Debug|Any CPU
		{24AB09A2-6BA3-49AC-B214-60CD972CF5F7}.Release|Any CPU.ActiveCfg = Release|Any CPU
		{24AB09A2-6BA3-49AC-B214-60CD972CF5F7}.Release|Any CPU.Build.0 = Release|Any CPU
		{BFF2E1F5-F471-4E42-A7E3-2BAF573A199B}.Debug|Any CPU.ActiveCfg = Debug|Any CPU
		{BFF2E1F5-F471-4E42-A7E3-2BAF573A199B}.Debug|Any CPU.Build.0 = Debug|Any CPU
		{BFF2E1F5-F471-4E42-A7E3-2BAF573A199B}.Release|Any CPU.ActiveCfg = Release|Any CPU
		{BFF2E1F5-F471-4E42-A7E3-2BAF573A199B}.Release|Any CPU.Build.0 = Release|Any CPU
		{C27920A1-C500-42C3-8BB5-73ACFDB2A24C}.Debug|Any CPU.ActiveCfg = Debug|Any CPU
		{C27920A1-C500-42C3-8BB5-73ACFDB2A24C}.Debug|Any CPU.Build.0 = Debug|Any CPU
		{C27920A1-C500-42C3-8BB5-73ACFDB2A24C}.Release|Any CPU.ActiveCfg = Release|Any CPU
		{C27920A1-C500-42C3-8BB5-73ACFDB2A24C}.Release|Any CPU.Build.0 = Release|Any CPU
		{55FDCC7E-9FAC-4017-A12A-D7D1A1EFCBF2}.Debug|Any CPU.ActiveCfg = Debug|Any CPU
		{55FDCC7E-9FAC-4017-A12A-D7D1A1EFCBF2}.Debug|Any CPU.Build.0 = Debug|Any CPU
		{55FDCC7E-9FAC-4017-A12A-D7D1A1EFCBF2}.Release|Any CPU.ActiveCfg = Release|Any CPU
		{55FDCC7E-9FAC-4017-A12A-D7D1A1EFCBF2}.Release|Any CPU.Build.0 = Release|Any CPU
		{8C1F7EC0-CC0E-4111-A831-CB94BBC526FE}.Debug|Any CPU.ActiveCfg = Debug|Any CPU
		{8C1F7EC0-CC0E-4111-A831-CB94BBC526FE}.Debug|Any CPU.Build.0 = Debug|Any CPU
		{8C1F7EC0-CC0E-4111-A831-CB94BBC526FE}.Release|Any CPU.ActiveCfg = Release|Any CPU
		{8C1F7EC0-CC0E-4111-A831-CB94BBC526FE}.Release|Any CPU.Build.0 = Release|Any CPU
		{F0B1F4E4-3A33-4FB2-92D5-A933FAC28446}.Debug|Any CPU.ActiveCfg = Debug|Any CPU
		{F0B1F4E4-3A33-4FB2-92D5-A933FAC28446}.Debug|Any CPU.Build.0 = Debug|Any CPU
		{F0B1F4E4-3A33-4FB2-92D5-A933FAC28446}.Release|Any CPU.ActiveCfg = Release|Any CPU
		{F0B1F4E4-3A33-4FB2-92D5-A933FAC28446}.Release|Any CPU.Build.0 = Release|Any CPU
		{A09CFB3E-7953-45FF-8CF2-432458E3993A}.Debug|Any CPU.ActiveCfg = Debug|Any CPU
		{A09CFB3E-7953-45FF-8CF2-432458E3993A}.Debug|Any CPU.Build.0 = Debug|Any CPU
		{A09CFB3E-7953-45FF-8CF2-432458E3993A}.Release|Any CPU.ActiveCfg = Release|Any CPU
		{A09CFB3E-7953-45FF-8CF2-432458E3993A}.Release|Any CPU.Build.0 = Release|Any CPU
		{C89EAC38-96D9-4A11-B345-244EEF0AD1A8}.Debug|Any CPU.ActiveCfg = Debug|Any CPU
		{C89EAC38-96D9-4A11-B345-244EEF0AD1A8}.Debug|Any CPU.Build.0 = Debug|Any CPU
		{C89EAC38-96D9-4A11-B345-244EEF0AD1A8}.Release|Any CPU.ActiveCfg = Release|Any CPU
		{C89EAC38-96D9-4A11-B345-244EEF0AD1A8}.Release|Any CPU.Build.0 = Release|Any CPU
	EndGlobalSection
	GlobalSection(SolutionProperties) = preSolution
		HideSolutionNode = FALSE
	EndGlobalSection
	GlobalSection(NestedProjects) = preSolution
		{D1B8A2A0-5661-4C35-BAB8-63D9B47A6AA8} = {47E8169B-77C3-4DE3-AAA0-45672FB6025F}
		{9BE7EBA5-DA72-4744-94EE-F10C9F008444} = {CACF10CE-8E4F-422B-92BA-48C40728A68F}
		{7F039F72-9609-4CA5-9648-A5555BD4D51E} = {CACF10CE-8E4F-422B-92BA-48C40728A68F}
		{CCFF5901-1B70-4812-87FF-E3E2BA26DD5B} = {CACF10CE-8E4F-422B-92BA-48C40728A68F}
		{03B63644-8272-4A3B-B78A-2C6671BD82C2} = {9B673D08-03E8-4B0B-B193-179E00B568A2}
		{23BE9487-0397-4E11-A3CB-93BADED7AC14} = {03B63644-8272-4A3B-B78A-2C6671BD82C2}
		{01671207-D535-48A6-952D-1EC472D4D788} = {03B63644-8272-4A3B-B78A-2C6671BD82C2}
		{19FC26A2-FE6C-481C-820B-7D03DFEAE75F} = {9B673D08-03E8-4B0B-B193-179E00B568A2}
		{D55EA7AF-FAC2-41BE-BC23-59AA7B668676} = {19FC26A2-FE6C-481C-820B-7D03DFEAE75F}
		{24AB09A2-6BA3-49AC-B214-60CD972CF5F7} = {19FC26A2-FE6C-481C-820B-7D03DFEAE75F}
		{1D350257-9153-4EE2-BB04-9FD426627714} = {9B673D08-03E8-4B0B-B193-179E00B568A2}
		{BFF2E1F5-F471-4E42-A7E3-2BAF573A199B} = {1D350257-9153-4EE2-BB04-9FD426627714}
		{C27920A1-C500-42C3-8BB5-73ACFDB2A24C} = {1D350257-9153-4EE2-BB04-9FD426627714}
		{55FDCC7E-9FAC-4017-A12A-D7D1A1EFCBF2} = {1D350257-9153-4EE2-BB04-9FD426627714}
		{8C1F7EC0-CC0E-4111-A831-CB94BBC526FE} = {7F039F72-9609-4CA5-9648-A5555BD4D51E}
		{F0B1F4E4-3A33-4FB2-92D5-A933FAC28446} = {9BE7EBA5-DA72-4744-94EE-F10C9F008444}
		{47E8169B-77C3-4DE3-AAA0-45672FB6025F} = {CACF10CE-8E4F-422B-92BA-48C40728A68F}
		{A09CFB3E-7953-45FF-8CF2-432458E3993A} = {CCFF5901-1B70-4812-87FF-E3E2BA26DD5B}
		{C89EAC38-96D9-4A11-B345-244EEF0AD1A8} = {CCFF5901-1B70-4812-87FF-E3E2BA26DD5B}
	EndGlobalSection
	GlobalSection(ExtensibilityGlobals) = postSolution
		SolutionGuid = {57D7A264-120D-4F8A-AE63-4EB68544221D}
	EndGlobalSection
EndGlobal
